
Microsoft Visual Studio Solution File, Format Version 12.00
# Visual Studio Version 16
VisualStudioVersion = 16.0.29509.3
MinimumVisualStudioVersion = 10.0.40219.1
Project("{00D1A9C2-B5F0-4AF3-8072-F6C62B433612}") = "ResourcesDB", "ResourcesDB.sqlproj", "{7DC1A349-9073-474A-801D-90AAF10C05EF}"
EndProject
Global
	GlobalSection(SolutionConfigurationPlatforms) = preSolution
		Debug|Any CPU = Debug|Any CPU
		Release|Any CPU = Release|Any CPU
	EndGlobalSection
	GlobalSection(ProjectConfigurationPlatforms) = postSolution
		{7DC1A349-9073-474A-801D-90AAF10C05EF}.Debug|Any CPU.ActiveCfg = Debug|Any CPU
		{7DC1A349-9073-474A-801D-90AAF10C05EF}.Debug|Any CPU.Build.0 = Debug|Any CPU
		{7DC1A349-9073-474A-801D-90AAF10C05EF}.Debug|Any CPU.Deploy.0 = Debug|Any CPU
		{7DC1A349-9073-474A-801D-90AAF10C05EF}.Release|Any CPU.ActiveCfg = Release|Any CPU
		{7DC1A349-9073-474A-801D-90AAF10C05EF}.Release|Any CPU.Build.0 = Release|Any CPU
		{7DC1A349-9073-474A-801D-90AAF10C05EF}.Release|Any CPU.Deploy.0 = Release|Any CPU
	EndGlobalSection
	GlobalSection(SolutionProperties) = preSolution
		HideSolutionNode = FALSE
	EndGlobalSection
	GlobalSection(ExtensibilityGlobals) = postSolution
		SolutionGuid = {6F3C363A-476F-4785-A0BB-2DDD896FE22E}
	EndGlobalSection
EndGlobal
